
Microsoft Visual Studio Solution File, Format Version 12.00
# Visual Studio Version 16
VisualStudioVersion = 16.0.31410.357
MinimumVisualStudioVersion = 10.0.40219.1
Project("{FAE04EC0-301F-11D3-BF4B-00C04F79EFBC}") = "TestFormMVC", "TestFormMVC.csproj", "{C557E159-85E0-4B39-91E7-2D6FE07969F1}"
EndProject
Global
	GlobalSection(SolutionConfigurationPlatforms) = preSolution
		Debug|Any CPU = Debug|Any CPU
		Release|Any CPU = Release|Any CPU
	EndGlobalSection
	GlobalSection(ProjectConfigurationPlatforms) = postSolution
		{C557E159-85E0-4B39-91E7-2D6FE07969F1}.Debug|Any CPU.ActiveCfg = Debug|Any CPU
		{C557E159-85E0-4B39-91E7-2D6FE07969F1}.Debug|Any CPU.Build.0 = Debug|Any CPU
		{C557E159-85E0-4B39-91E7-2D6FE07969F1}.Release|Any CPU.ActiveCfg = Release|Any CPU
		{C557E159-85E0-4B39-91E7-2D6FE07969F1}.Release|Any CPU.Build.0 = Release|Any CPU
	EndGlobalSection
	GlobalSection(SolutionProperties) = preSolution
		HideSolutionNode = FALSE
	EndGlobalSection
	GlobalSection(ExtensibilityGlobals) = postSolution
		SolutionGuid = {77515C70-24FE-4143-A80E-214B92D445ED}
	EndGlobalSection
EndGlobal
